
Microsoft Visual Studio Solution File, Format Version 12.00
# Visual Studio 15
VisualStudioVersion = 15.0.28010.2036
MinimumVisualStudioVersion = 10.0.40219.1
Project("{8BC9CEB8-8B4A-11D0-8D11-00A0C91BC942}") = "19-类的声明和实现分离", "19-类的声明和实现分离\19-类的声明和实现分离.vcxproj", "{5783E3D6-9280-41C1-B5E8-0A97B2391E2C}"
EndProject
Global
	GlobalSection(SolutionConfigurationPlatforms) = preSolution
		Debug|x64 = Debug|x64
		Debug|x86 = Debug|x86
		Release|x64 = Release|x64
		Release|x86 = Release|x86
	EndGlobalSection
	GlobalSection(ProjectConfigurationPlatforms) = postSolution
		{5783E3D6-9280-41C1-B5E8-0A97B2391E2C}.Debug|x64.ActiveCfg = Debug|x64
		{5783E3D6-9280-41C1-B5E8-0A97B2391E2C}.Debug|x64.Build.0 = Debug|x64
		{5783E3D6-9280-41C1-B5E8-0A97B2391E2C}.Debug|x86.ActiveCfg = Debug|Win32
		{5783E3D6-9280-41C1-B5E8-0A97B2391E2C}.Debug|x86.Build.0 = Debug|Win32
		{5783E3D6-9280-41C1-B5E8-0A97B2391E2C}.Release|x64.ActiveCfg = Release|x64
		{5783E3D6-9280-41C1-B5E8-0A97B2391E2C}.Release|x64.Build.0 = Release|x64
		{5783E3D6-9280-41C1-B5E8-0A97B2391E2C}.Release|x86.ActiveCfg = Release|Win32
		{5783E3D6-9280-41C1-B5E8-0A97B2391E2C}.Release|x86.Build.0 = Release|Win32
	EndGlobalSection
	GlobalSection(SolutionProperties) = preSolution
		HideSolutionNode = FALSE
	EndGlobalSection
	GlobalSection(ExtensibilityGlobals) = postSolution
		SolutionGuid = {1E00345A-C0F4-4097-90AE-9131B924F6F8}
	EndGlobalSection
EndGlobal
